
Microsoft Visual Studio Solution File, Format Version 12.00
# Visual Studio 2017
Project("{FAE04EC0-301F-11D3-BF4B-00C04F79EFBC}") = "test ui automation 2", "test ui automation 2.csproj", "{FBBE9639-5F9C-729A-BC39-63B3406A4834}"
EndProject
Global
	GlobalSection(SolutionConfigurationPlatforms) = preSolution
		Debug|Any CPU = Debug|Any CPU
		Release|Any CPU = Release|Any CPU
	EndGlobalSection
	GlobalSection(ProjectConfigurationPlatforms) = postSolution
		{FBBE9639-5F9C-729A-BC39-63B3406A4834}.Debug|Any CPU.ActiveCfg = Debug|Any CPU
		{FBBE9639-5F9C-729A-BC39-63B3406A4834}.Debug|Any CPU.Build.0 = Debug|Any CPU
		{FBBE9639-5F9C-729A-BC39-63B3406A4834}.Release|Any CPU.ActiveCfg = Release|Any CPU
		{FBBE9639-5F9C-729A-BC39-63B3406A4834}.Release|Any CPU.Build.0 = Release|Any CPU
	EndGlobalSection
	GlobalSection(SolutionProperties) = preSolution
		HideSolutionNode = FALSE
	EndGlobalSection
EndGlobal
